
Microsoft Visual Studio Solution File, Format Version 12.00
# Visual Studio Version 16
VisualStudioVersion = 16.0.29519.87
MinimumVisualStudioVersion = 10.0.40219.1
Project("{9A19103F-16F7-4668-BE54-9A1E7A4F7556}") = "API", "API\API.csproj", "{AB364838-F4E2-49B0-911F-68B90DF333B1}"
EndProject
Project("{9A19103F-16F7-4668-BE54-9A1E7A4F7556}") = "Database", "Database\Database.csproj", "{8670533A-0D65-4533-88A0-3656AE1D0979}"
EndProject
Project("{FAE04EC0-301F-11D3-BF4B-00C04F79EFBC}") = "Repository", "Repository\Repository.csproj", "{1021DF09-3AF6-4B51-A6F5-AE06C206C4DD}"
EndProject
Global
	GlobalSection(SolutionConfigurationPlatforms) = preSolution
		Debug|Any CPU = Debug|Any CPU
		Release|Any CPU = Release|Any CPU
	EndGlobalSection
	GlobalSection(ProjectConfigurationPlatforms) = postSolution
		{AB364838-F4E2-49B0-911F-68B90DF333B1}.Debug|Any CPU.ActiveCfg = Debug|Any CPU
		{AB364838-F4E2-49B0-911F-68B90DF333B1}.Debug|Any CPU.Build.0 = Debug|Any CPU
		{AB364838-F4E2-49B0-911F-68B90DF333B1}.Release|Any CPU.ActiveCfg = Release|Any CPU
		{AB364838-F4E2-49B0-911F-68B90DF333B1}.Release|Any CPU.Build.0 = Release|Any CPU
		{8670533A-0D65-4533-88A0-3656AE1D0979}.Debug|Any CPU.ActiveCfg = Debug|Any CPU
		{8670533A-0D65-4533-88A0-3656AE1D0979}.Debug|Any CPU.Build.0 = Debug|Any CPU
		{8670533A-0D65-4533-88A0-3656AE1D0979}.Release|Any CPU.ActiveCfg = Release|Any CPU
		{8670533A-0D65-4533-88A0-3656AE1D0979}.Release|Any CPU.Build.0 = Release|Any CPU
		{1021DF09-3AF6-4B51-A6F5-AE06C206C4DD}.Debug|Any CPU.ActiveCfg = Debug|Any CPU
		{1021DF09-3AF6-4B51-A6F5-AE06C206C4DD}.Debug|Any CPU.Build.0 = Debug|Any CPU
		{1021DF09-3AF6-4B51-A6F5-AE06C206C4DD}.Release|Any CPU.ActiveCfg = Release|Any CPU
		{1021DF09-3AF6-4B51-A6F5-AE06C206C4DD}.Release|Any CPU.Build.0 = Release|Any CPU
	EndGlobalSection
	GlobalSection(SolutionProperties) = preSolution
		HideSolutionNode = FALSE
	EndGlobalSection
	GlobalSection(ExtensibilityGlobals) = postSolution
		SolutionGuid = {19934063-634F-4631-9EDD-1F7DAC31D31A}
	EndGlobalSection
EndGlobal
